
Microsoft Visual Studio Solution File, Format Version 12.00
# Visual Studio 15
VisualStudioVersion = 15.0.25914.0
MinimumVisualStudioVersion = 10.0.40219.1
Project("{2150E333-8FDC-42A3-9474-1A3956D46DE8}") = "src", "src", "{16766256-F4C5-4EA9-8A2F-AA37AD508ACB}"
EndProject
Project("{2150E333-8FDC-42A3-9474-1A3956D46DE8}") = "Solution Items", "Solution Items", "{1A2833B2-F334-4892-9CF1-E11E23004523}"
	ProjectSection(SolutionItems) = preProject
		.gitignore = .gitignore
		global.json = global.json
		README.md = README.md
	EndProjectSection
EndProject
Project("{9A19103F-16F7-4668-BE54-9A1E7A4F7556}") = "ReciPiBook.Api", "src\ReciPiBook.Api\ReciPiBook.Api.csproj", "{5C651886-A68F-44AF-9113-CC06062EDF43}"
EndProject
Project("{9A19103F-16F7-4668-BE54-9A1E7A4F7556}") = "ReciPiBook.Client", "src\ReciPiBook.Client\ReciPiBook.Client.csproj", "{1B15DFEC-9D7A-4A0C-9CAD-7A73B0274AC4}"
EndProject
Project("{9A19103F-16F7-4668-BE54-9A1E7A4F7556}") = "ReciPiBook.Di", "src\ReciPiBook.Di\ReciPiBook.Di.csproj", "{840065A7-FB7E-4CF3-B8D9-61D4F17DA167}"
EndProject
Project("{9A19103F-16F7-4668-BE54-9A1E7A4F7556}") = "ReciPiBook.Dtos", "src\ReciPiBook.Dtos\ReciPiBook.Dtos.csproj", "{1CBB1C7D-79DA-4AAC-A61F-B743015E0718}"
EndProject
Project("{9A19103F-16F7-4668-BE54-9A1E7A4F7556}") = "ReciPiBook.Entities", "src\ReciPiBook.Entities\ReciPiBook.Entities.csproj", "{33ECC1CF-7239-42E2-AAB9-49004CEC016A}"
EndProject
Project("{9A19103F-16F7-4668-BE54-9A1E7A4F7556}") = "ReciPiBook.Repository", "src\ReciPiBook.Repository\ReciPiBook.Repository.csproj", "{1B9F2522-CD98-49C2-B366-394AECE18306}"
EndProject
Project("{9A19103F-16F7-4668-BE54-9A1E7A4F7556}") = "ReciPiBook.Services", "src\ReciPiBook.Services\ReciPiBook.Services.csproj", "{D120219C-1BBD-42D9-B1F6-F43A14BDDCC6}"
EndProject
Project("{9A19103F-16F7-4668-BE54-9A1E7A4F7556}") = "ReciPiBook.Translators", "src\ReciPiBook.Translators\ReciPiBook.Translators.csproj", "{CD3F9D8A-B662-4F4E-AD4E-78E6CD40EB39}"
EndProject
Global
	GlobalSection(SolutionConfigurationPlatforms) = preSolution
		Debug|Any CPU = Debug|Any CPU
		Debug|x64 = Debug|x64
		Debug|x86 = Debug|x86
		Release|Any CPU = Release|Any CPU
		Release|x64 = Release|x64
		Release|x86 = Release|x86
	EndGlobalSection
	GlobalSection(ProjectConfigurationPlatforms) = postSolution
		{5C651886-A68F-44AF-9113-CC06062EDF43}.Debug|Any CPU.ActiveCfg = Debug|Any CPU
		{5C651886-A68F-44AF-9113-CC06062EDF43}.Debug|Any CPU.Build.0 = Debug|Any CPU
		{5C651886-A68F-44AF-9113-CC06062EDF43}.Debug|x64.ActiveCfg = Debug|x64
		{5C651886-A68F-44AF-9113-CC06062EDF43}.Debug|x64.Build.0 = Debug|x64
		{5C651886-A68F-44AF-9113-CC06062EDF43}.Debug|x86.ActiveCfg = Debug|x86
		{5C651886-A68F-44AF-9113-CC06062EDF43}.Debug|x86.Build.0 = Debug|x86
		{5C651886-A68F-44AF-9113-CC06062EDF43}.Release|Any CPU.ActiveCfg = Release|Any CPU
		{5C651886-A68F-44AF-9113-CC06062EDF43}.Release|Any CPU.Build.0 = Release|Any CPU
		{5C651886-A68F-44AF-9113-CC06062EDF43}.Release|x64.ActiveCfg = Release|x64
		{5C651886-A68F-44AF-9113-CC06062EDF43}.Release|x64.Build.0 = Release|x64
		{5C651886-A68F-44AF-9113-CC06062EDF43}.Release|x86.ActiveCfg = Release|x86
		{5C651886-A68F-44AF-9113-CC06062EDF43}.Release|x86.Build.0 = Release|x86
		{1B15DFEC-9D7A-4A0C-9CAD-7A73B0274AC4}.Debug|Any CPU.ActiveCfg = Debug|Any CPU
		{1B15DFEC-9D7A-4A0C-9CAD-7A73B0274AC4}.Debug|Any CPU.Build.0 = Debug|Any CPU
		{1B15DFEC-9D7A-4A0C-9CAD-7A73B0274AC4}.Debug|x64.ActiveCfg = Debug|x64
		{1B15DFEC-9D7A-4A0C-9CAD-7A73B0274AC4}.Debug|x64.Build.0 = Debug|x64
		{1B15DFEC-9D7A-4A0C-9CAD-7A73B0274AC4}.Debug|x86.ActiveCfg = Debug|x86
		{1B15DFEC-9D7A-4A0C-9CAD-7A73B0274AC4}.Debug|x86.Build.0 = Debug|x86
		{1B15DFEC-9D7A-4A0C-9CAD-7A73B0274AC4}.Release|Any CPU.ActiveCfg = Release|Any CPU
		{1B15DFEC-9D7A-4A0C-9CAD-7A73B0274AC4}.Release|Any CPU.Build.0 = Release|Any CPU
		{1B15DFEC-9D7A-4A0C-9CAD-7A73B0274AC4}.Release|x64.ActiveCfg = Release|x64
		{1B15DFEC-9D7A-4A0C-9CAD-7A73B0274AC4}.Release|x64.Build.0 = Release|x64
		{1B15DFEC-9D7A-4A0C-9CAD-7A73B0274AC4}.Release|x86.ActiveCfg = Release|x86
		{1B15DFEC-9D7A-4A0C-9CAD-7A73B0274AC4}.Release|x86.Build.0 = Release|x86
		{840065A7-FB7E-4CF3-B8D9-61D4F17DA167}.Debug|Any CPU.ActiveCfg = Debug|Any CPU
		{840065A7-FB7E-4CF3-B8D9-61D4F17DA167}.Debug|Any CPU.Build.0 = Debug|Any CPU
		{840065A7-FB7E-4CF3-B8D9-61D4F17DA167}.Debug|x64.ActiveCfg = Debug|x64
		{840065A7-FB7E-4CF3-B8D9-61D4F17DA167}.Debug|x64.Build.0 = Debug|x64
		{840065A7-FB7E-4CF3-B8D9-61D4F17DA167}.Debug|x86.ActiveCfg = Debug|x86
		{840065A7-FB7E-4CF3-B8D9-61D4F17DA167}.Debug|x86.Build.0 = Debug|x86
		{840065A7-FB7E-4CF3-B8D9-61D4F17DA167}.Release|Any CPU.ActiveCfg = Release|Any CPU
		{840065A7-FB7E-4CF3-B8D9-61D4F17DA167}.Release|Any CPU.Build.0 = Release|Any CPU
		{840065A7-FB7E-4CF3-B8D9-61D4F17DA167}.Release|x64.ActiveCfg = Release|x64
		{840065A7-FB7E-4CF3-B8D9-61D4F17DA167}.Release|x64.Build.0 = Release|x64
		{840065A7-FB7E-4CF3-B8D9-61D4F17DA167}.Release|x86.ActiveCfg = Release|x86
		{840065A7-FB7E-4CF3-B8D9-61D4F17DA167}.Release|x86.Build.0 = Release|x86
		{1CBB1C7D-79DA-4AAC-A61F-B743015E0718}.Debug|Any CPU.ActiveCfg = Debug|Any CPU
		{1CBB1C7D-79DA-4AAC-A61F-B743015E0718}.Debug|Any CPU.Build.0 = Debug|Any CPU
		{1CBB1C7D-79DA-4AAC-A61F-B743015E0718}.Debug|x64.ActiveCfg = Debug|x64
		{1CBB1C7D-79DA-4AAC-A61F-B743015E0718}.Debug|x64.Build.0 = Debug|x64
		{1CBB1C7D-79DA-4AAC-A61F-B743015E0718}.Debug|x86.ActiveCfg = Debug|x86
		{1CBB1C7D-79DA-4AAC-A61F-B743015E0718}.Debug|x86.Build.0 = Debug|x86
		{1CBB1C7D-79DA-4AAC-A61F-B743015E0718}.Release|Any CPU.ActiveCfg = Release|Any CPU
		{1CBB1C7D-79DA-4AAC-A61F-B743015E0718}.Release|Any CPU.Build.0 = Release|Any CPU
		{1CBB1C7D-79DA-4AAC-A61F-B743015E0718}.Release|x64.ActiveCfg = Release|x64
		{1CBB1C7D-79DA-4AAC-A61F-B743015E0718}.Release|x64.Build.0 = Release|x64
		{1CBB1C7D-79DA-4AAC-A61F-B743015E0718}.Release|x86.ActiveCfg = Release|x86
		{1CBB1C7D-79DA-4AAC-A61F-B743015E0718}.Release|x86.Build.0 = Release|x86
		{33ECC1CF-7239-42E2-AAB9-49004CEC016A}.Debug|Any CPU.ActiveCfg = Debug|Any CPU
		{33ECC1CF-7239-42E2-AAB9-49004CEC016A}.Debug|Any CPU.Build.0 = Debug|Any CPU
		{33ECC1CF-7239-42E2-AAB9-49004CEC016A}.Debug|x64.ActiveCfg = Debug|x64
		{33ECC1CF-7239-42E2-AAB9-49004CEC016A}.Debug|x64.Build.0 = Debug|x64
		{33ECC1CF-7239-42E2-AAB9-49004CEC016A}.Debug|x86.ActiveCfg = Debug|x86
		{33ECC1CF-7239-42E2-AAB9-49004CEC016A}.Debug|x86.Build.0 = Debug|x86
		{33ECC1CF-7239-42E2-AAB9-49004CEC016A}.Release|Any CPU.ActiveCfg = Release|Any CPU
		{33ECC1CF-7239-42E2-AAB9-49004CEC016A}.Release|Any CPU.Build.0 = Release|Any CPU
		{33ECC1CF-7239-42E2-AAB9-49004CEC016A}.Release|x64.ActiveCfg = Release|x64
		{33ECC1CF-7239-42E2-AAB9-49004CEC016A}.Release|x64.Build.0 = Release|x64
		{33ECC1CF-7239-42E2-AAB9-49004CEC016A}.Release|x86.ActiveCfg = Release|x86
		{33ECC1CF-7239-42E2-AAB9-49004CEC016A}.Release|x86.Build.0 = Release|x86
		{1B9F2522-CD98-49C2-B366-394AECE18306}.Debug|Any CPU.ActiveCfg = Debug|Any CPU
		{1B9F2522-CD98-49C2-B366-394AECE18306}.Debug|Any CPU.Build.0 = Debug|Any CPU
		{1B9F2522-CD98-49C2-B366-394AECE18306}.Debug|x64.ActiveCfg = Debug|x64
		{1B9F2522-CD98-49C2-B366-394AECE18306}.Debug|x64.Build.0 = Debug|x64
		{1B9F2522-CD98-49C2-B366-394AECE18306}.Debug|x86.ActiveCfg = Debug|x86
		{1B9F2522-CD98-49C2-B366-394AECE18306}.Debug|x86.Build.0 = Debug|x86
		{1B9F2522-CD98-49C2-B366-394AECE18306}.Release|Any CPU.ActiveCfg = Release|Any CPU
		{1B9F2522-CD98-49C2-B366-394AECE18306}.Release|Any CPU.Build.0 = Release|Any CPU
		{1B9F2522-CD98-49C2-B366-394AECE18306}.Release|x64.ActiveCfg = Release|x64
		{1B9F2522-CD98-49C2-B366-394AECE18306}.Release|x64.Build.0 = Release|x64
		{1B9F2522-CD98-49C2-B366-394AECE18306}.Release|x86.ActiveCfg = Release|x86
		{1B9F2522-CD98-49C2-B366-394AECE18306}.Release|x86.Build.0 = Release|x86
		{D120219C-1BBD-42D9-B1F6-F43A14BDDCC6}.Debug|Any CPU.ActiveCfg = Debug|Any CPU
		{D120219C-1BBD-42D9-B1F6-F43A14BDDCC6}.Debug|Any CPU.Build.0 = Debug|Any CPU
		{D120219C-1BBD-42D9-B1F6-F43A14BDDCC6}.Debug|x64.ActiveCfg = Debug|x64
		{D120219C-1BBD-42D9-B1F6-F43A14BDDCC6}.Debug|x64.Build.0 = Debug|x64
		{D120219C-1BBD-42D9-B1F6-F43A14BDDCC6}.Debug|x86.ActiveCfg = Debug|x86
		{D120219C-1BBD-42D9-B1F6-F43A14BDDCC6}.Debug|x86.Build.0 = Debug|x86
		{D120219C-1BBD-42D9-B1F6-F43A14BDDCC6}.Release|Any CPU.ActiveCfg = Release|Any CPU
		{D120219C-1BBD-42D9-B1F6-F43A14BDDCC6}.Release|Any CPU.Build.0 = Release|Any CPU
		{D120219C-1BBD-42D9-B1F6-F43A14BDDCC6}.Release|x64.ActiveCfg = Release|x64
		{D120219C-1BBD-42D9-B1F6-F43A14BDDCC6}.Release|x64.Build.0 = Release|x64
		{D120219C-1BBD-42D9-B1F6-F43A14BDDCC6}.Release|x86.ActiveCfg = Release|x86
		{D120219C-1BBD-42D9-B1F6-F43A14BDDCC6}.Release|x86.Build.0 = Release|x86
		{CD3F9D8A-B662-4F4E-AD4E-78E6CD40EB39}.Debug|Any CPU.ActiveCfg = Debug|Any CPU
		{CD3F9D8A-B662-4F4E-AD4E-78E6CD40EB39}.Debug|Any CPU.Build.0 = Debug|Any CPU
		{CD3F9D8A-B662-4F4E-AD4E-78E6CD40EB39}.Debug|x64.ActiveCfg = Debug|x64
		{CD3F9D8A-B662-4F4E-AD4E-78E6CD40EB39}.Debug|x64.Build.0 = Debug|x64
		{CD3F9D8A-B662-4F4E-AD4E-78E6CD40EB39}.Debug|x86.ActiveCfg = Debug|x86
		{CD3F9D8A-B662-4F4E-AD4E-78E6CD40EB39}.Debug|x86.Build.0 = Debug|x86
		{CD3F9D8A-B662-4F4E-AD4E-78E6CD40EB39}.Release|Any CPU.ActiveCfg = Release|Any CPU
		{CD3F9D8A-B662-4F4E-AD4E-78E6CD40EB39}.Release|Any CPU.Build.0 = Release|Any CPU
		{CD3F9D8A-B662-4F4E-AD4E-78E6CD40EB39}.Release|x64.ActiveCfg = Release|x64
		{CD3F9D8A-B662-4F4E-AD4E-78E6CD40EB39}.Release|x64.Build.0 = Release|x64
		{CD3F9D8A-B662-4F4E-AD4E-78E6CD40EB39}.Release|x86.ActiveCfg = Release|x86
		{CD3F9D8A-B662-4F4E-AD4E-78E6CD40EB39}.Release|x86.Build.0 = Release|x86
	EndGlobalSection
	GlobalSection(SolutionProperties) = preSolution
		HideSolutionNode = FALSE
	EndGlobalSection
	GlobalSection(NestedProjects) = preSolution
		{5C651886-A68F-44AF-9113-CC06062EDF43} = {16766256-F4C5-4EA9-8A2F-AA37AD508ACB}
		{1B15DFEC-9D7A-4A0C-9CAD-7A73B0274AC4} = {16766256-F4C5-4EA9-8A2F-AA37AD508ACB}
		{840065A7-FB7E-4CF3-B8D9-61D4F17DA167} = {16766256-F4C5-4EA9-8A2F-AA37AD508ACB}
		{1CBB1C7D-79DA-4AAC-A61F-B743015E0718} = {16766256-F4C5-4EA9-8A2F-AA37AD508ACB}
		{33ECC1CF-7239-42E2-AAB9-49004CEC016A} = {16766256-F4C5-4EA9-8A2F-AA37AD508ACB}
		{1B9F2522-CD98-49C2-B366-394AECE18306} = {16766256-F4C5-4EA9-8A2F-AA37AD508ACB}
		{D120219C-1BBD-42D9-B1F6-F43A14BDDCC6} = {16766256-F4C5-4EA9-8A2F-AA37AD508ACB}
		{CD3F9D8A-B662-4F4E-AD4E-78E6CD40EB39} = {16766256-F4C5-4EA9-8A2F-AA37AD508ACB}
	EndGlobalSection
EndGlobal
